
Microsoft Visual Studio Solution File, Format Version 12.00
# Visual Studio Version 17
VisualStudioVersion = 17.7.33711.374
MinimumVisualStudioVersion = 10.0.40219.1
Project("{FAE04EC0-301F-11D3-BF4B-00C04F79EFBC}") = "ShoppingSite", "ShoppingSite\ShoppingSite.csproj", "{3CA1E095-1B38-440D-A76A-A41D4412F437}"
EndProject
Global
	GlobalSection(SolutionConfigurationPlatforms) = preSolution
		Debug|Any CPU = Debug|Any CPU
		Release|Any CPU = Release|Any CPU
	EndGlobalSection
	GlobalSection(ProjectConfigurationPlatforms) = postSolution
		{3CA1E095-1B38-440D-A76A-A41D4412F437}.Debug|Any CPU.ActiveCfg = Debug|Any CPU
		{3CA1E095-1B38-440D-A76A-A41D4412F437}.Debug|Any CPU.Build.0 = Debug|Any CPU
		{3CA1E095-1B38-440D-A76A-A41D4412F437}.Release|Any CPU.ActiveCfg = Release|Any CPU
		{3CA1E095-1B38-440D-A76A-A41D4412F437}.Release|Any CPU.Build.0 = Release|Any CPU
	EndGlobalSection
	GlobalSection(SolutionProperties) = preSolution
		HideSolutionNode = FALSE
	EndGlobalSection
	GlobalSection(ExtensibilityGlobals) = postSolution
		SolutionGuid = {D460D8EF-9E14-4633-8726-EF4471957E67}
	EndGlobalSection
EndGlobal
